
Microsoft Visual Studio Solution File, Format Version 12.00
# Visual Studio Version 17
VisualStudioVersion = 17.8.34330.188
MinimumVisualStudioVersion = 10.0.40219.1
Project("{9A19103F-16F7-4668-BE54-9A1E7A4F7556}") = "RoboticsLabManagementSystem", "RoboticsLabManagementSystem.csproj", "{2BE21F94-52A3-4617-8199-27C7DFEE4DBE}"
EndProject
Project("{9A19103F-16F7-4668-BE54-9A1E7A4F7556}") = "RoboticsLabManagementSystem.Application", "..\RoboticsLabManagementSystem.Application\RoboticsLabManagementSystem.Application.csproj", "{4C3C4931-B295-4CD7-A813-123642A90304}"
EndProject
Project("{9A19103F-16F7-4668-BE54-9A1E7A4F7556}") = "RoboticsLabManagementSystem.Domain", "..\RoboticsLabManagementSystem.Domain\RoboticsLabManagementSystem.Domain.csproj", "{7E2D92D3-1207-45D0-9886-8FC87766D5C8}"
EndProject
Project("{9A19103F-16F7-4668-BE54-9A1E7A4F7556}") = "RoboticsLabManagementSystem.Insfastructure", "..\RoboticsLabManagementSystem.Insfastructure\RoboticsLabManagementSystem.Insfastructure.csproj", "{AFBA6921-3AB4-4125-903D-BCAAC32F5C57}"
EndProject
Project("{FAE04EC0-301F-11D3-BF4B-00C04F79EFBC}") = "RlmsUnitTestP", "..\RlmsUnitTestP\RlmsUnitTestP.csproj", "{A5E32E1B-AFD1-4872-931F-C214B011B353}"
EndProject
Global
	GlobalSection(SolutionConfigurationPlatforms) = preSolution
		Debug|Any CPU = Debug|Any CPU
		Release|Any CPU = Release|Any CPU
	EndGlobalSection
	GlobalSection(ProjectConfigurationPlatforms) = postSolution
		{2BE21F94-52A3-4617-8199-27C7DFEE4DBE}.Debug|Any CPU.ActiveCfg = Debug|Any CPU
		{2BE21F94-52A3-4617-8199-27C7DFEE4DBE}.Debug|Any CPU.Build.0 = Debug|Any CPU
		{2BE21F94-52A3-4617-8199-27C7DFEE4DBE}.Release|Any CPU.ActiveCfg = Release|Any CPU
		{2BE21F94-52A3-4617-8199-27C7DFEE4DBE}.Release|Any CPU.Build.0 = Release|Any CPU
		{4C3C4931-B295-4CD7-A813-123642A90304}.Debug|Any CPU.ActiveCfg = Debug|Any CPU
		{4C3C4931-B295-4CD7-A813-123642A90304}.Debug|Any CPU.Build.0 = Debug|Any CPU
		{4C3C4931-B295-4CD7-A813-123642A90304}.Release|Any CPU.ActiveCfg = Release|Any CPU
		{4C3C4931-B295-4CD7-A813-123642A90304}.Release|Any CPU.Build.0 = Release|Any CPU
		{7E2D92D3-1207-45D0-9886-8FC87766D5C8}.Debug|Any CPU.ActiveCfg = Debug|Any CPU
		{7E2D92D3-1207-45D0-9886-8FC87766D5C8}.Debug|Any CPU.Build.0 = Debug|Any CPU
		{7E2D92D3-1207-45D0-9886-8FC87766D5C8}.Release|Any CPU.ActiveCfg = Release|Any CPU
		{7E2D92D3-1207-45D0-9886-8FC87766D5C8}.Release|Any CPU.Build.0 = Release|Any CPU
		{AFBA6921-3AB4-4125-903D-BCAAC32F5C57}.Debug|Any CPU.ActiveCfg = Debug|Any CPU
		{AFBA6921-3AB4-4125-903D-BCAAC32F5C57}.Debug|Any CPU.Build.0 = Debug|Any CPU
		{AFBA6921-3AB4-4125-903D-BCAAC32F5C57}.Release|Any CPU.ActiveCfg = Release|Any CPU
		{AFBA6921-3AB4-4125-903D-BCAAC32F5C57}.Release|Any CPU.Build.0 = Release|Any CPU
		{A5E32E1B-AFD1-4872-931F-C214B011B353}.Debug|Any CPU.ActiveCfg = Debug|Any CPU
		{A5E32E1B-AFD1-4872-931F-C214B011B353}.Debug|Any CPU.Build.0 = Debug|Any CPU
		{A5E32E1B-AFD1-4872-931F-C214B011B353}.Release|Any CPU.ActiveCfg = Release|Any CPU
		{A5E32E1B-AFD1-4872-931F-C214B011B353}.Release|Any CPU.Build.0 = Release|Any CPU
	EndGlobalSection
	GlobalSection(SolutionProperties) = preSolution
		HideSolutionNode = FALSE
	EndGlobalSection
	GlobalSection(ExtensibilityGlobals) = postSolution
		SolutionGuid = {1AC24525-FFC9-4222-97D1-F4835ECF42E7}
	EndGlobalSection
EndGlobal
